
Microsoft Visual Studio Solution File, Format Version 12.00
# Visual Studio 15
VisualStudioVersion = 15.0.27130.2036
MinimumVisualStudioVersion = 10.0.40219.1
Project("{2150E333-8FDC-42A3-9474-1A3956D46DE8}") = ".git", ".git", "{B84F96ED-EEC6-41EA-AC58-3FAF0FB88733}"
	ProjectSection(SolutionItems) = preProject
		..\.gitattributes = ..\.gitattributes
		..\.gitignore = ..\.gitignore
		..\README.md = ..\README.md
	EndProjectSection
EndProject
Project("{2150E333-8FDC-42A3-9474-1A3956D46DE8}") = "udt", "udt", "{548FC74A-F182-4CCD-88A9-783B787C33F9}"
	ProjectSection(SolutionItems) = preProject
		..\udt\BehaviorComposition.udt = ..\udt\BehaviorComposition.udt
		..\udt\SEOComposition.udt = ..\udt\SEOComposition.udt
		..\udt\SoMeComposition.udt = ..\udt\SoMeComposition.udt
	EndProjectSection
EndProject
Project("{2150E333-8FDC-42A3-9474-1A3956D46DE8}") = ".vs", ".vs", "{23C90262-CFC6-40A1-AE30-FB64C4ACD26D}"
	ProjectSection(SolutionItems) = preProject
		.vs\config\applicationhost.config = .vs\config\applicationhost.config
	EndProjectSection
EndProject
Project("{FAE04EC0-301F-11D3-BF4B-00C04F79EFBC}") = "Zoro.WebUI", "Zoro.WebUI\Zoro.WebUI.csproj", "{98F66BB1-29B3-4B62-987C-20DA5D0E2D05}"
EndProject
Project("{FAE04EC0-301F-11D3-BF4B-00C04F79EFBC}") = "Zoro.Domain", "Zoro.Domain\Zoro.Domain.csproj", "{E8E0441C-B53E-4D5A-AF6A-5BF6A7CC4AF1}"
EndProject
Project("{FAE04EC0-301F-11D3-BF4B-00C04F79EFBC}") = "Zoro.Application", "Zoro.Application\Zoro.Application.csproj", "{6854C789-7F03-4898-8373-AD055CF860BA}"
EndProject
Global
	GlobalSection(SolutionConfigurationPlatforms) = preSolution
		Debug|Any CPU = Debug|Any CPU
		Release|Any CPU = Release|Any CPU
	EndGlobalSection
	GlobalSection(ProjectConfigurationPlatforms) = postSolution
		{98F66BB1-29B3-4B62-987C-20DA5D0E2D05}.Debug|Any CPU.ActiveCfg = Debug|Any CPU
		{98F66BB1-29B3-4B62-987C-20DA5D0E2D05}.Debug|Any CPU.Build.0 = Debug|Any CPU
		{98F66BB1-29B3-4B62-987C-20DA5D0E2D05}.Release|Any CPU.ActiveCfg = Release|Any CPU
		{98F66BB1-29B3-4B62-987C-20DA5D0E2D05}.Release|Any CPU.Build.0 = Release|Any CPU
		{E8E0441C-B53E-4D5A-AF6A-5BF6A7CC4AF1}.Debug|Any CPU.ActiveCfg = Debug|Any CPU
		{E8E0441C-B53E-4D5A-AF6A-5BF6A7CC4AF1}.Debug|Any CPU.Build.0 = Debug|Any CPU
		{E8E0441C-B53E-4D5A-AF6A-5BF6A7CC4AF1}.Release|Any CPU.ActiveCfg = Release|Any CPU
		{E8E0441C-B53E-4D5A-AF6A-5BF6A7CC4AF1}.Release|Any CPU.Build.0 = Release|Any CPU
		{6854C789-7F03-4898-8373-AD055CF860BA}.Debug|Any CPU.ActiveCfg = Debug|Any CPU
		{6854C789-7F03-4898-8373-AD055CF860BA}.Debug|Any CPU.Build.0 = Debug|Any CPU
		{6854C789-7F03-4898-8373-AD055CF860BA}.Release|Any CPU.ActiveCfg = Release|Any CPU
		{6854C789-7F03-4898-8373-AD055CF860BA}.Release|Any CPU.Build.0 = Release|Any CPU
	EndGlobalSection
	GlobalSection(SolutionProperties) = preSolution
		HideSolutionNode = FALSE
	EndGlobalSection
	GlobalSection(ExtensibilityGlobals) = postSolution
		SolutionGuid = {D2F192A8-A112-4C0F-AD43-B18D12E61250}
	EndGlobalSection
EndGlobal
